{
  "name": "diarization",
  "version": "1.0.0",
  "lockfileVersion": 2,
  "requires": true,
  "packages": {
    "": {
      "name": "diarization",
      "version": "1.0.0",
      "license": "ISC",
      "dependencies": {
        "fs": "^0.0.1-security",
        "parse-srt": "^1.0.0-alpha",
        "srt-to-json": "^1.0.1",
        "srtparsejs": "^1.0.8"
      }
    },
    "node_modules/fs": {
      "version": "0.0.1-security",
      "resolved": "https://registry.npmjs.org/fs/-/fs-0.0.1-security.tgz",
      "integrity": "sha512-3XY9e1pP0CVEUCdj5BmfIZxRBTSDycnbqhIOGec9QYtmVH2fbLpj86CFWkrNOkt/Fvty4KZG5lTglL9j/gJ87w=="
    },
    "node_modules/parse-srt": {
      "version": "1.0.0-alpha",
      "resolved": "https://registry.npmjs.org/parse-srt/-/parse-srt-1.0.0-alpha.tgz",
      "integrity": "sha512-Vqn4yAYCUfuhlhHQfPUHDu6IeVunrsWrTVQoKuLXJyrdSSo+SdBuRRO4fXHsUh4NmimI4dGIocbN993GnNcfyA=="
    },
    "node_modules/srt-to-json": {
      "version": "1.0.1",
      "resolved": "https://registry.npmjs.org/srt-to-json/-/srt-to-json-1.0.1.tgz",
      "integrity": "sha512-ZVA5LZaG+GfjyXYUQR/pLyOjo90ygqz+nd3KIhiRGT7hsmiCsLr4fqHpZ5LiuvoDU2t+CIH7+AenyBRwU7OIGw=="
    },
    "node_modules/srtparsejs": {
      "version": "1.0.8",
      "resolved": "https://registry.npmjs.org/srtparsejs/-/srtparsejs-1.0.8.tgz",
      "integrity": "sha512-xXyMHb8XWIFEYaLYa/RqXOXYdpxnk5VdonBEuv0CRfOxS8FVVeo4ZfPeUuhL3IRUQPClUxTI2oKPC0comyIPOA=="
    }
  },
  "dependencies": {
    "fs": {
      "version": "0.0.1-security",
      "resolved": "https://registry.npmjs.org/fs/-/fs-0.0.1-security.tgz",
      "integrity": "sha512-3XY9e1pP0CVEUCdj5BmfIZxRBTSDycnbqhIOGec9QYtmVH2fbLpj86CFWkrNOkt/Fvty4KZG5lTglL9j/gJ87w=="
    },
    "parse-srt": {
      "version": "1.0.0-alpha",
      "resolved": "https://registry.npmjs.org/parse-srt/-/parse-srt-1.0.0-alpha.tgz",
      "integrity": "sha512-Vqn4yAYCUfuhlhHQfPUHDu6IeVunrsWrTVQoKuLXJyrdSSo+SdBuRRO4fXHsUh4NmimI4dGIocbN993GnNcfyA=="
    },
    "srt-to-json": {
      "version": "1.0.1",
      "resolved": "https://registry.npmjs.org/srt-to-json/-/srt-to-json-1.0.1.tgz",
      "integrity": "sha512-ZVA5LZaG+GfjyXYUQR/pLyOjo90ygqz+nd3KIhiRGT7hsmiCsLr4fqHpZ5LiuvoDU2t+CIH7+AenyBRwU7OIGw=="
    },
    "srtparsejs": {
      "version": "1.0.8",
      "resolved": "https://registry.npmjs.org/srtparsejs/-/srtparsejs-1.0.8.tgz",
      "integrity": "sha512-xXyMHb8XWIFEYaLYa/RqXOXYdpxnk5VdonBEuv0CRfOxS8FVVeo4ZfPeUuhL3IRUQPClUxTI2oKPC0comyIPOA=="
    }
  }
}
